
Microsoft Visual Studio Solution File, Format Version 12.00
# Visual Studio Version 17
VisualStudioVersion = 17.3.32929.385
MinimumVisualStudioVersion = 10.0.40219.1
Project("{FAE04EC0-301F-11D3-BF4B-00C04F79EFBC}") = "NewProject", "NewProject\NewProject.csproj", "{F7616E27-BD68-450C-BAFF-950DB0A9DEC8}"
EndProject
Global
	GlobalSection(SolutionConfigurationPlatforms) = preSolution
		Debug|Any CPU = Debug|Any CPU
		Release|Any CPU = Release|Any CPU
	EndGlobalSection
	GlobalSection(ProjectConfigurationPlatforms) = postSolution
		{F7616E27-BD68-450C-BAFF-950DB0A9DEC8}.Debug|Any CPU.ActiveCfg = Debug|Any CPU
		{F7616E27-BD68-450C-BAFF-950DB0A9DEC8}.Debug|Any CPU.Build.0 = Debug|Any CPU
		{F7616E27-BD68-450C-BAFF-950DB0A9DEC8}.Release|Any CPU.ActiveCfg = Release|Any CPU
		{F7616E27-BD68-450C-BAFF-950DB0A9DEC8}.Release|Any CPU.Build.0 = Release|Any CPU
	EndGlobalSection
	GlobalSection(SolutionProperties) = preSolution
		HideSolutionNode = FALSE
	EndGlobalSection
	GlobalSection(ExtensibilityGlobals) = postSolution
		SolutionGuid = {403A6732-01F7-4B6E-9DEA-05A09A812F90}
	EndGlobalSection
EndGlobal
