
Microsoft Visual Studio Solution File, Format Version 12.00
# Visual Studio Version 17
VisualStudioVersion = 17.2.32519.379
MinimumVisualStudioVersion = 10.0.40219.1
Project("{FAE04EC0-301F-11D3-BF4B-00C04F79EFBC}") = "Flappy Bird Windows Form", "Flappy Bird Windows Form\Flappy Bird Windows Form.csproj", "{AACAC8AE-E0A5-4A77-8FDB-495EF78C67D1}"
EndProject
Global
	GlobalSection(SolutionConfigurationPlatforms) = preSolution
		Debug|Any CPU = Debug|Any CPU
		Release|Any CPU = Release|Any CPU
	EndGlobalSection
	GlobalSection(ProjectConfigurationPlatforms) = postSolution
		{AACAC8AE-E0A5-4A77-8FDB-495EF78C67D1}.Debug|Any CPU.ActiveCfg = Debug|Any CPU
		{AACAC8AE-E0A5-4A77-8FDB-495EF78C67D1}.Debug|Any CPU.Build.0 = Debug|Any CPU
		{AACAC8AE-E0A5-4A77-8FDB-495EF78C67D1}.Release|Any CPU.ActiveCfg = Release|Any CPU
		{AACAC8AE-E0A5-4A77-8FDB-495EF78C67D1}.Release|Any CPU.Build.0 = Release|Any CPU
	EndGlobalSection
	GlobalSection(SolutionProperties) = preSolution
		HideSolutionNode = FALSE
	EndGlobalSection
	GlobalSection(ExtensibilityGlobals) = postSolution
		SolutionGuid = {D27EB755-3360-45D9-8A9A-73BD6E9C253B}
	EndGlobalSection
EndGlobal
